
Microsoft Visual Studio Solution File, Format Version 12.00
Project("{FAE04EC0-301F-11D3-BF4B-00C04F79EFBC}") = "EF.GlobalFilters.POC.Web", "EF.GlobalFilters.POC.Web\EF.GlobalFilters.POC.Web.csproj", "{F81CFE87-09BE-488D-AC31-56D8ED2068C0}"
EndProject
Project("{FAE04EC0-301F-11D3-BF4B-00C04F79EFBC}") = "EF.GlobalFilters.EntityFramework", "EF.GlobalFilters.EntityFramework\EF.GlobalFilters.EntityFramework.csproj", "{29F86A23-611D-4E70-9C6F-E18CA8EC94BD}"
EndProject
Global
	GlobalSection(SolutionConfigurationPlatforms) = preSolution
		Debug|Any CPU = Debug|Any CPU
		Release|Any CPU = Release|Any CPU
	EndGlobalSection
	GlobalSection(ProjectConfigurationPlatforms) = postSolution
		{F81CFE87-09BE-488D-AC31-56D8ED2068C0}.Debug|Any CPU.ActiveCfg = Debug|Any CPU
		{F81CFE87-09BE-488D-AC31-56D8ED2068C0}.Debug|Any CPU.Build.0 = Debug|Any CPU
		{F81CFE87-09BE-488D-AC31-56D8ED2068C0}.Release|Any CPU.ActiveCfg = Release|Any CPU
		{F81CFE87-09BE-488D-AC31-56D8ED2068C0}.Release|Any CPU.Build.0 = Release|Any CPU
		{29F86A23-611D-4E70-9C6F-E18CA8EC94BD}.Debug|Any CPU.ActiveCfg = Debug|Any CPU
		{29F86A23-611D-4E70-9C6F-E18CA8EC94BD}.Debug|Any CPU.Build.0 = Debug|Any CPU
		{29F86A23-611D-4E70-9C6F-E18CA8EC94BD}.Release|Any CPU.ActiveCfg = Release|Any CPU
		{29F86A23-611D-4E70-9C6F-E18CA8EC94BD}.Release|Any CPU.Build.0 = Release|Any CPU
	EndGlobalSection
EndGlobal
